
Microsoft Visual Studio Solution File, Format Version 12.00
# Visual Studio Version 17
VisualStudioVersion = 17.11.35327.3
MinimumVisualStudioVersion = 10.0.40219.1
Project("{FAE04EC0-301F-11D3-BF4B-00C04F79EFBC}") = "ExoRover", "ExoRover\ExoRover.csproj", "{38988776-076E-48CC-BC32-30064DAD0E16}"
EndProject
Project("{FAE04EC0-301F-11D3-BF4B-00C04F79EFBC}") = "Rover", "Rover\Rover.csproj", "{F9361152-4ECF-4F72-AF04-FAD49878D7D8}"
EndProject
Project("{FAE04EC0-301F-11D3-BF4B-00C04F79EFBC}") = "MissionControl", "MissionControl\MissionControl.csproj", "{E75F9B5B-B516-4A29-A4FD-28AC12F0206A}"
EndProject
Global
	GlobalSection(SolutionConfigurationPlatforms) = preSolution
		Debug|Any CPU = Debug|Any CPU
		Release|Any CPU = Release|Any CPU
	EndGlobalSection
	GlobalSection(ProjectConfigurationPlatforms) = postSolution
		{38988776-076E-48CC-BC32-30064DAD0E16}.Debug|Any CPU.ActiveCfg = Debug|Any CPU
		{38988776-076E-48CC-BC32-30064DAD0E16}.Debug|Any CPU.Build.0 = Debug|Any CPU
		{38988776-076E-48CC-BC32-30064DAD0E16}.Release|Any CPU.ActiveCfg = Release|Any CPU
		{38988776-076E-48CC-BC32-30064DAD0E16}.Release|Any CPU.Build.0 = Release|Any CPU
		{F9361152-4ECF-4F72-AF04-FAD49878D7D8}.Debug|Any CPU.ActiveCfg = Debug|Any CPU
		{F9361152-4ECF-4F72-AF04-FAD49878D7D8}.Debug|Any CPU.Build.0 = Debug|Any CPU
		{F9361152-4ECF-4F72-AF04-FAD49878D7D8}.Release|Any CPU.ActiveCfg = Release|Any CPU
		{F9361152-4ECF-4F72-AF04-FAD49878D7D8}.Release|Any CPU.Build.0 = Release|Any CPU
		{E75F9B5B-B516-4A29-A4FD-28AC12F0206A}.Debug|Any CPU.ActiveCfg = Debug|Any CPU
		{E75F9B5B-B516-4A29-A4FD-28AC12F0206A}.Debug|Any CPU.Build.0 = Debug|Any CPU
		{E75F9B5B-B516-4A29-A4FD-28AC12F0206A}.Release|Any CPU.ActiveCfg = Release|Any CPU
		{E75F9B5B-B516-4A29-A4FD-28AC12F0206A}.Release|Any CPU.Build.0 = Release|Any CPU
	EndGlobalSection
	GlobalSection(SolutionProperties) = preSolution
		HideSolutionNode = FALSE
	EndGlobalSection
	GlobalSection(ExtensibilityGlobals) = postSolution
		SolutionGuid = {8BBDB887-3276-4EEE-BDE9-290A540E54F7}
	EndGlobalSection
EndGlobal
